
Microsoft Visual Studio Solution File, Format Version 12.00
# Visual Studio Version 17
VisualStudioVersion = 17.14.36804.6
MinimumVisualStudioVersion = 10.0.40219.1
Project("{FAE04EC0-301F-11D3-BF4B-00C04F79EFBC}") = "charp_egitim_3", "charp_egitim_3\charp_egitim_3.csproj", "{0B03E4DE-6BDF-4AB2-BA01-E0A4D2CFF395}"
EndProject
Project("{FAE04EC0-301F-11D3-BF4B-00C04F79EFBC}") = "egitim_3tekrar", "egitim_3tekrar\egitim_3tekrar.csproj", "{B41EC6B4-513C-48E1-90D5-AA046B5B2037}"
EndProject
Global
	GlobalSection(SolutionConfigurationPlatforms) = preSolution
		Debug|Any CPU = Debug|Any CPU
		Release|Any CPU = Release|Any CPU
	EndGlobalSection
	GlobalSection(ProjectConfigurationPlatforms) = postSolution
		{0B03E4DE-6BDF-4AB2-BA01-E0A4D2CFF395}.Debug|Any CPU.ActiveCfg = Debug|Any CPU
		{0B03E4DE-6BDF-4AB2-BA01-E0A4D2CFF395}.Debug|Any CPU.Build.0 = Debug|Any CPU
		{0B03E4DE-6BDF-4AB2-BA01-E0A4D2CFF395}.Release|Any CPU.ActiveCfg = Release|Any CPU
		{0B03E4DE-6BDF-4AB2-BA01-E0A4D2CFF395}.Release|Any CPU.Build.0 = Release|Any CPU
		{B41EC6B4-513C-48E1-90D5-AA046B5B2037}.Debug|Any CPU.ActiveCfg = Debug|Any CPU
		{B41EC6B4-513C-48E1-90D5-AA046B5B2037}.Debug|Any CPU.Build.0 = Debug|Any CPU
		{B41EC6B4-513C-48E1-90D5-AA046B5B2037}.Release|Any CPU.ActiveCfg = Release|Any CPU
		{B41EC6B4-513C-48E1-90D5-AA046B5B2037}.Release|Any CPU.Build.0 = Release|Any CPU
	EndGlobalSection
	GlobalSection(SolutionProperties) = preSolution
		HideSolutionNode = FALSE
	EndGlobalSection
	GlobalSection(ExtensibilityGlobals) = postSolution
		SolutionGuid = {A9072987-49EB-45AE-97CE-5D68747666FA}
	EndGlobalSection
EndGlobal
